// !$*UTF8*$!
{
	archiveVersion = 1;
	classes = {
	};
	objectVersion = 50;
	objects = {

/* Begin PBXBuildFile section */
		8E182CB02152E71F009E5F39 /* AppDelegate.swift in Sources */ = {isa = PBXBuildFile; fileRef = 8E182CAF2152E71F009E5F39 /* AppDelegate.swift */; };
		8E182CB22152E71F009E5F39 /* MainVC.swift in Sources */ = {isa = PBXBuildFile; fileRef = 8E182CB12152E71F009E5F39 /* MainVC.swift */; };
		8E182CB52152E71F009E5F39 /* Main.storyboard in Resources */ = {isa = PBXBuildFile; fileRef = 8E182CB32152E71F009E5F39 /* Main.storyboard */; };
		8E182CB82152E71F009E5F39 /* ContactsApp.xcdatamodeld in Sources */ = {isa = PBXBuildFile; fileRef = 8E182CB62152E71F009E5F39 /* ContactsApp.xcdatamodeld */; };
		8E182CBA2152E720009E5F39 /* Assets.xcassets in Resources */ = {isa = PBXBuildFile; fileRef = 8E182CB92152E720009E5F39 /* Assets.xcassets */; };
		8E182CBD2152E720009E5F39 /* LaunchScreen.storyboard in Resources */ = {isa = PBXBuildFile; fileRef = 8E182CBB2152E720009E5F39 /* LaunchScreen.storyboard */; };
		8E182CC82152E720009E5F39 /* ContactsAppTests.swift in Sources */ = {isa = PBXBuildFile; fileRef = 8E182CC72152E720009E5F39 /* ContactsAppTests.swift */; };
		8E182CD32152E720009E5F39 /* ContactsAppUITests.swift in Sources */ = {isa = PBXBuildFile; fileRef = 8E182CD22152E720009E5F39 /* ContactsAppUITests.swift */; };
		8E182CE12152E997009E5F39 /* AddVC.swift in Sources */ = {isa = PBXBuildFile; fileRef = 8E182CE02152E997009E5F39 /* AddVC.swift */; };
		8E182CE3215300F3009E5F39 /* ContactCell.swift in Sources */ = {isa = PBXBuildFile; fileRef = 8E182CE2215300F3009E5F39 /* ContactCell.swift */; };
/* End PBXBuildFile section */

/* Begin PBXContainerItemProxy section */
		8E182CC42152E720009E5F39 /* PBXContainerItemProxy */ = {
			isa = PBXContainerItemProxy;
			containerPortal = 8E182CA42152E71F009E5F39 /* Project object */;
			proxyType = 1;
			remoteGlobalIDString = 8E182CAB2152E71F009E5F39;
			remoteInfo = ContactsApp;
		};
		8E182CCF2152E720009E5F39 /* PBXContainerItemProxy */ = {
			isa = PBXContainerItemProxy;
			containerPortal = 8E182CA42152E71F009E5F39 /* Project object */;
			proxyType = 1;
			remoteGlobalIDString = 8E182CAB2152E71F009E5F39;
			remoteInfo = ContactsApp;
		};
/* End PBXContainerItemProxy section */

/* Begin PBXFileReference section */
		8E182CAC2152E71F009E5F39 /* ContactsApp.app */ = {isa = PBXFileReference; explicitFileType = wrapper.application; includeInIndex = 0; path = ContactsApp.app; sourceTree = BUILT_PRODUCTS_DIR; };
		8E182CAF2152E71F009E5F39 /* AppDelegate.swift */ = {isa = PBXFileReference; lastKnownFileType = sourcecode.swift; path = AppDelegate.swift; sourceTree = "<group>"; };
		8E182CB12152E71F009E5F39 /* MainVC.swift */ = {isa = PBXFileReference; lastKnownFileType = sourcecode.swift; path = MainVC.swift; sourceTree = "<group>"; };
		8E182CB42152E71F009E5F39 /* Base */ = {isa = PBXFileReference; lastKnownFileType = file.storyboard; name = Base; path = Base.lproj/Main.storyboard; sourceTree = "<group>"; };
		8E182CB72152E71F009E5F39 /* ContactsApp.xcdatamodel */ = {isa = PBXFileReference; lastKnownFileType = wrapper.xcdatamodel; path = ContactsApp.xcdatamodel; sourceTree = "<group>"; };
		8E182CB92152E720009E5F39 /* Assets.xcassets */ = {isa = PBXFileReference; lastKnownFileType = folder.assetcatalog; path = Assets.xcassets; sourceTree = "<group>"; };
		8E182CBC2152E720009E5F39 /* Base */ = {isa = PBXFileReference; lastKnownFileType = file.storyboard; name = Base; path = Base.lproj/LaunchScreen.storyboard; sourceTree = "<group>"; };
		8E182CBE2152E720009E5F39 /* Info.plist */ = {isa = PBXFileReference; lastKnownFileType = text.plist.xml; path = Info.plist; sourceTree = "<group>"; };
		8E182CC32152E720009E5F39 /* ContactsAppTests.xctest */ = {isa = PBXFileReference; explicitFileType = wrapper.cfbundle; includeInIndex = 0; path = ContactsAppTests.xctest; sourceTree = BUILT_PRODUCTS_DIR; };
		8E182CC72152E720009E5F39 /* ContactsAppTests.swift */ = {isa = PBXFileReference; lastKnownFileType = sourcecode.swift; path = ContactsAppTests.swift; sourceTree = "<group>"; };
		8E182CC92152E720009E5F39 /* Info.plist */ = {isa = PBXFileReference; lastKnownFileType = text.plist.xml; path = Info.plist; sourceTree = "<group>"; };
		8E182CCE2152E720009E5F39 /* ContactsAppUITests.xctest */ = {isa = PBXFileReference; explicitFileType = wrapper.cfbundle; includeInIndex = 0; path = ContactsAppUITests.xctest; sourceTree = BUILT_PRODUCTS_DIR; };
		8E182CD22152E720009E5F39 /* ContactsAppUITests.swift */ = {isa = PBXFileReference; lastKnownFileType = sourcecode.swift; path = ContactsAppUITests.swift; sourceTree = "<group>"; };
		8E182CD42152E720009E5F39 /* Info.plist */ = {isa = PBXFileReference; lastKnownFileType = text.plist.xml; path = Info.plist; sourceTree = "<group>"; };
		8E182CE02152E997009E5F39 /* AddVC.swift */ = {isa = PBXFileReference; lastKnownFileType = sourcecode.swift; path = AddVC.swift; sourceTree = "<group>"; };
		8E182CE2215300F3009E5F39 /* ContactCell.swift */ = {isa = PBXFileReference; lastKnownFileType = sourcecode.swift; path = ContactCell.swift; sourceTree = "<group>"; };
/* End PBXFileReference section */

/* Begin PBXFrameworksBuildPhase section */
		8E182CA92152E71F009E5F39 /* Frameworks */ = {
			isa = PBXFrameworksBuildPhase;
			buildActionMask = 2147483647;
			files = (
			);
			runOnlyForDeploymentPostprocessing = 0;
		};
		8E182CC02152E720009E5F39 /* Frameworks */ = {
			isa = PBXFrameworksBuildPhase;
			buildActionMask = 2147483647;
			files = (
			);
			runOnlyForDeploymentPostprocessing = 0;
		};
		8E182CCB2152E720009E5F39 /* Frameworks */ = {
			isa = PBXFrameworksBuildPhase;
			buildActionMask = 2147483647;
			files = (
			);
			runOnlyForDeploymentPostprocessing = 0;
		};
/* End PBXFrameworksBuildPhase section */

/* Begin PBXGroup section */
		8E182CA32152E71F009E5F39 = {
			isa = PBXGroup;
			children = (
				8E182CAE2152E71F009E5F39 /* ContactsApp */,
				8E182CC62152E720009E5F39 /* ContactsAppTests */,
				8E182CD12152E720009E5F39 /* ContactsAppUITests */,
				8E182CAD2152E71F009E5F39 /* Products */,
			);
			sourceTree = "<group>";
		};
		8E182CAD2152E71F009E5F39 /* Products */ = {
			isa = PBXGroup;
			children = (
				8E182CAC2152E71F009E5F39 /* ContactsApp.app */,
				8E182CC32152E720009E5F39 /* ContactsAppTests.xctest */,
				8E182CCE2152E720009E5F39 /* ContactsAppUITests.xctest */,
			);
			name = Products;
			sourceTree = "<group>";
		};
		8E182CAE2152E71F009E5F39 /* ContactsApp */ = {
			isa = PBXGroup;
			children = (
				8E182CAF2152E71F009E5F39 /* AppDelegate.swift */,
				8E182CB12152E71F009E5F39 /* MainVC.swift */,
				8E182CB32152E71F009E5F39 /* Main.storyboard */,
				8E182CE2215300F3009E5F39 /* ContactCell.swift */,
				8E182CE02152E997009E5F39 /* AddVC.swift */,
				8E182CB92152E720009E5F39 /* Assets.xcassets */,
				8E182CBB2152E720009E5F39 /* LaunchScreen.storyboard */,
				8E182CBE2152E720009E5F39 /* Info.plist */,
				8E182CB62152E71F009E5F39 /* ContactsApp.xcdatamodeld */,
			);
			path = ContactsApp;
			sourceTree = "<group>";
		};
		8E182CC62152E720009E5F39 /* ContactsAppTests */ = {
			isa = PBXGroup;
			children = (
				8E182CC72152E720009E5F39 /* ContactsAppTests.swift */,
				8E182CC92152E720009E5F39 /* Info.plist */,
			);
			path = ContactsAppTests;
			sourceTree = "<group>";
		};
		8E182CD12152E720009E5F39 /* ContactsAppUITests */ = {
			isa = PBXGroup;
			children = (
				8E182CD22152E720009E5F39 /* ContactsAppUITests.swift */,
				8E182CD42152E720009E5F39 /* Info.plist */,
			);
			path = ContactsAppUITests;
			sourceTree = "<group>";
		};
/* End PBXGroup section */

/* Begin PBXNativeTarget section */
		8E182CAB2152E71F009E5F39 /* ContactsApp */ = {
			isa = PBXNativeTarget;
			buildConfigurationList = 8E182CD72152E720009E5F39 /* Build configuration list for PBXNativeTarget "ContactsApp" */;
			buildPhases = (
				8E182CA82152E71F009E5F39 /* Sources */,
				8E182CA92152E71F009E5F39 /* Frameworks */,
				8E182CAA2152E71F009E5F39 /* Resources */,
			);
			buildRules = (
			);
			dependencies = (
			);
			name = ContactsApp;
			productName = ContactsApp;
			productReference = 8E182CAC2152E71F009E5F39 /* ContactsApp.app */;
			productType = "com.apple.product-type.application";
		};
		8E182CC22152E720009E5F39 /* ContactsAppTests */ = {
			isa = PBXNativeTarget;
			buildConfigurationList = 8E182CDA2152E720009E5F39 /* Build configuration list for PBXNativeTarget "ContactsAppTests" */;
			buildPhases = (
				8E182CBF2152E720009E5F39 /* Sources */,
				8E182CC02152E720009E5F39 /* Frameworks */,
				8E182CC12152E720009E5F39 /* Resources */,
			);
			buildRules = (
			);
			dependencies = (
				8E182CC52152E720009E5F39 /* PBXTargetDependency */,
			);
			name = ContactsAppTests;
			productName = ContactsAppTests;
			productReference = 8E182CC32152E720009E5F39 /* ContactsAppTests.xctest */;
			productType = "com.apple.product-type.bundle.unit-test";
		};
		8E182CCD2152E720009E5F39 /* ContactsAppUITests */ = {
			isa = PBXNativeTarget;
			buildConfigurationList = 8E182CDD2152E720009E5F39 /* Build configuration list for PBXNativeTarget "ContactsAppUITests" */;
			buildPhases = (
				8E182CCA2152E720009E5F39 /* Sources */,
				8E182CCB2152E720009E5F39 /* Frameworks */,
				8E182CCC2152E720009E5F39 /* Resources */,
			);
			buildRules = (
			);
			dependencies = (
				8E182CD02152E720009E5F39 /* PBXTargetDependency */,
			);
			name = ContactsAppUITests;
			productName = ContactsAppUITests;
			productReference = 8E182CCE2152E720009E5F39 /* ContactsAppUITests.xctest */;
			productType = "com.apple.product-type.bundle.ui-testing";
		};
/* End PBXNativeTarget section */

/* Begin PBXProject section */
		8E182CA42152E71F009E5F39 /* Project object */ = {
			isa = PBXProject;
			attributes = {
				LastSwiftUpdateCheck = 0940;
				LastUpgradeCheck = 0940;
				ORGANIZATIONNAME = "Neil Sood";
				TargetAttributes = {
					8E182CAB2152E71F009E5F39 = {
						CreatedOnToolsVersion = 9.4.1;
					};
					8E182CC22152E720009E5F39 = {
						CreatedOnToolsVersion = 9.4.1;
						TestTargetID = 8E182CAB2152E71F009E5F39;
					};
					8E182CCD2152E720009E5F39 = {
						CreatedOnToolsVersion = 9.4.1;
						TestTargetID = 8E182CAB2152E71F009E5F39;
					};
				};
			};
			buildConfigurationList = 8E182CA72152E71F009E5F39 /* Build configuration list for PBXProject "ContactsApp" */;
			compatibilityVersion = "Xcode 9.3";
			developmentRegion = en;
			hasScannedForEncodings = 0;
			knownRegions = (
				en,
				Base,
			);
			mainGroup = 8E182CA32152E71F009E5F39;
			productRefGroup = 8E182CAD2152E71F009E5F39 /* Products */;
			projectDirPath = "";
			projectRoot = "";
			targets = (
				8E182CAB2152E71F009E5F39 /* ContactsApp */,
				8E182CC22152E720009E5F39 /* ContactsAppTests */,
				8E182CCD2152E720009E5F39 /* ContactsAppUITests */,
			);
		};
/* End PBXProject section */

/* Begin PBXResourcesBuildPhase section */
		8E182CAA2152E71F009E5F39 /* Resources */ = {
			isa = PBXResourcesBuildPhase;
			buildActionMask = 2147483647;
			files = (
				8E182CBD2152E720009E5F39 /* LaunchScreen.storyboard in Resources */,
				8E182CBA2152E720009E5F39 /* Assets.xcassets in Resources */,
				8E182CB52152E71F009E5F39 /* Main.storyboard in Resources */,
			);
			runOnlyForDeploymentPostprocessing = 0;
		};
		8E182CC12152E720009E5F39 /* Resources */ = {
			isa = PBXResourcesBuildPhase;
			buildActionMask = 2147483647;
			files = (
			);
			runOnlyForDeploymentPostprocessing = 0;
		};
		8E182CCC2152E720009E5F39 /* Resources */ = {
			isa = PBXResourcesBuildPhase;
			buildActionMask = 2147483647;
			files = (
			);
			runOnlyForDeploymentPostprocessing = 0;
		};
/* End PBXResourcesBuildPhase section */

/* Begin PBXSourcesBuildPhase section */
		8E182CA82152E71F009E5F39 /* Sources */ = {
			isa = PBXSourcesBuildPhase;
			buildActionMask = 2147483647;
			files = (
				8E182CE3215300F3009E5F39 /* ContactCell.swift in Sources */,
				8E182CE12152E997009E5F39 /* AddVC.swift in Sources */,
				8E182CB82152E71F009E5F39 /* ContactsApp.xcdatamodeld in Sources */,
				8E182CB22152E71F009E5F39 /* MainVC.swift in Sources */,
				8E182CB02152E71F009E5F39 /* AppDelegate.swift in Sources */,
			);
			runOnlyForDeploymentPostprocessing = 0;
		};
		8E182CBF2152E720009E5F39 /* Sources */ = {
			isa = PBXSourcesBuildPhase;
			buildActionMask = 2147483647;
			files = (
				8E182CC82152E720009E5F39 /* ContactsAppTests.swift in Sources */,
			);
			runOnlyForDeploymentPostprocessing = 0;
		};
		8E182CCA2152E720009E5F39 /* Sources */ = {
			isa = PBXSourcesBuildPhase;
			buildActionMask = 2147483647;
			files = (
				8E182CD32152E720009E5F39 /* ContactsAppUITests.swift in Sources */,
			);
			runOnlyForDeploymentPostprocessing = 0;
		};
/* End PBXSourcesBuildPhase section */

/* Begin PBXTargetDependency section */
		8E182CC52152E720009E5F39 /* PBXTargetDependency */ = {
			isa = PBXTargetDependency;
			target = 8E182CAB2152E71F009E5F39 /* ContactsApp */;
			targetProxy = 8E182CC42152E720009E5F39 /* PBXContainerItemProxy */;
		};
		8E182CD02152E720009E5F39 /* PBXTargetDependency */ = {
			isa = PBXTargetDependency;
			target = 8E182CAB2152E71F009E5F39 /* ContactsApp */;
			targetProxy = 8E182CCF2152E720009E5F39 /* PBXContainerItemProxy */;
		};
/* End PBXTargetDependency section */

/* Begin PBXVariantGroup section */
		8E182CB32152E71F009E5F39 /* Main.storyboard */ = {
			isa = PBXVariantGroup;
			children = (
				8E182CB42152E71F009E5F39 /* Base */,
			);
			name = Main.storyboard;
			sourceTree = "<group>";
		};
		8E182CBB2152E720009E5F39 /* LaunchScreen.storyboard */ = {
			isa = PBXVariantGroup;
			children = (
				8E182CBC2152E720009E5F39 /* Base */,
			);
			name = LaunchScreen.storyboard;
			sourceTree = "<group>";
		};
/* End PBXVariantGroup section */

/* Begin XCBuildConfiguration section */
		8E182CD52152E720009E5F39 /* Debug */ = {
			isa = XCBuildConfiguration;
			buildSettings = {
				ALWAYS_SEARCH_USER_PATHS = NO;
				CLANG_ANALYZER_NONNULL = YES;
				CLANG_ANALYZER_NUMBER_OBJECT_CONVERSION = YES_AGGRESSIVE;
				CLANG_CXX_LANGUAGE_STANDARD = "gnu++14";
				CLANG_CXX_LIBRARY = "libc++";
				CLANG_ENABLE_MODULES = YES;
				CLANG_ENABLE_OBJC_ARC = YES;
				CLANG_ENABLE_OBJC_WEAK = YES;
				CLANG_WARN_BLOCK_CAPTURE_AUTORELEASING = YES;
				CLANG_WARN_BOOL_CONVERSION = YES;
				CLANG_WARN_COMMA = YES;
				CLANG_WARN_CONSTANT_CONVERSION = YES;
				CLANG_WARN_DEPRECATED_OBJC_IMPLEMENTATIONS = YES;
				CLANG_WARN_DIRECT_OBJC_ISA_USAGE = YES_ERROR;
				CLANG_WARN_DOCUMENTATION_COMMENTS = YES;
				CLANG_WARN_EMPTY_BODY = YES;
				CLANG_WARN_ENUM_CONVERSION = YES;
				CLANG_WARN_INFINITE_RECURSION = YES;
				CLANG_WARN_INT_CONVERSION = YES;
				CLANG_WARN_NON_LITERAL_NULL_CONVERSION = YES;
				CLANG_WARN_OBJC_IMPLICIT_RETAIN_SELF = YES;
				CLANG_WARN_OBJC_LITERAL_CONVERSION = YES;
				CLANG_WARN_OBJC_ROOT_CLASS = YES_ERROR;
				CLANG_WARN_RANGE_LOOP_ANALYSIS = YES;
				CLANG_WARN_STRICT_PROTOTYPES = YES;
				CLANG_WARN_SUSPICIOUS_MOVE = YES;
				CLANG_WARN_UNGUARDED_AVAILABILITY = YES_AGGRESSIVE;
				CLANG_WARN_UNREACHABLE_CODE = YES;
				CLANG_WARN__DUPLICATE_METHOD_MATCH = YES;
				CODE_SIGN_IDENTITY = "iPhone Developer";
				COPY_PHASE_STRIP = NO;
				DEBUG_INFORMATION_FORMAT = dwarf;
				ENABLE_STRICT_OBJC_MSGSEND = YES;
				ENABLE_TESTABILITY = YES;
				GCC_C_LANGUAGE_STANDARD = gnu11;
				GCC_DYNAMIC_NO_PIC = NO;
				GCC_NO_COMMON_BLOCKS = YES;
				GCC_OPTIMIZATION_LEVEL = 0;
				GCC_PREPROCESSOR_DEFINITIONS = (
					"DEBUG=1",
					"$(inherited)",
				);
				GCC_WARN_64_TO_32_BIT_CONVERSION = YES;
				GCC_WARN_ABOUT_RETURN_TYPE = YES_ERROR;
				GCC_WARN_UNDECLARED_SELECTOR = YES;
				GCC_WARN_UNINITIALIZED_AUTOS = YES_AGGRESSIVE;
				GCC_WARN_UNUSED_FUNCTION = YES;
				GCC_WARN_UNUSED_VARIABLE = YES;
				IPHONEOS_DEPLOYMENT_TARGET = 11.4;
				MTL_ENABLE_DEBUG_INFO = YES;
				ONLY_ACTIVE_ARCH = YES;
				SDKROOT = iphoneos;
				SWIFT_ACTIVE_COMPILATION_CONDITIONS = DEBUG;
				SWIFT_OPTIMIZATION_LEVEL = "-Onone";
			};
			name = Debug;
		};
		8E182CD62152E720009E5F39 /* Release */ = {
			isa = XCBuildConfiguration;
			buildSettings = {
				ALWAYS_SEARCH_USER_PATHS = NO;
				CLANG_ANALYZER_NONNULL = YES;
				CLANG_ANALYZER_NUMBER_OBJECT_CONVERSION = YES_AGGRESSIVE;
				CLANG_CXX_LANGUAGE_STANDARD = "gnu++14";
				CLANG_CXX_LIBRARY = "libc++";
				CLANG_ENABLE_MODULES = YES;
				CLANG_ENABLE_OBJC_ARC = YES;
				CLANG_ENABLE_OBJC_WEAK = YES;
				CLANG_WARN_BLOCK_CAPTURE_AUTORELEASING = YES;
				CLANG_WARN_BOOL_CONVERSION = YES;
				CLANG_WARN_COMMA = YES;
				CLANG_WARN_CONSTANT_CONVERSION = YES;
				CLANG_WARN_DEPRECATED_OBJC_IMPLEMENTATIONS = YES;
				CLANG_WARN_DIRECT_OBJC_ISA_USAGE = YES_ERROR;
				CLANG_WARN_DOCUMENTATION_COMMENTS = YES;
				CLANG_WARN_EMPTY_BODY = YES;
				CLANG_WARN_ENUM_CONVERSION = YES;
				CLANG_WARN_INFINITE_RECURSION = YES;
				CLANG_WARN_INT_CONVERSION = YES;
				CLANG_WARN_NON_LITERAL_NULL_CONVERSION = YES;
				CLANG_WARN_OBJC_IMPLICIT_RETAIN_SELF = YES;
				CLANG_WARN_OBJC_LITERAL_CONVERSION = YES;
				CLANG_WARN_OBJC_ROOT_CLASS = YES_ERROR;
				CLANG_WARN_RANGE_LOOP_ANALYSIS = YES;
				CLANG_WARN_STRICT_PROTOTYPES = YES;
				CLANG_WARN_SUSPICIOUS_MOVE = YES;
				CLANG_WARN_UNGUARDED_AVAILABILITY = YES_AGGRESSIVE;
				CLANG_WARN_UNREACHABLE_CODE = YES;
				CLANG_WARN__DUPLICATE_METHOD_MATCH = YES;
				CODE_SIGN_IDENTITY = "iPhone Developer";
				COPY_PHASE_STRIP = NO;
				DEBUG_INFORMATION_FORMAT = "dwarf-with-dsym";
				ENABLE_NS_ASSERTIONS = NO;
				ENABLE_STRICT_OBJC_MSGSEND = YES;
				GCC_C_LANGUAGE_STANDARD = gnu11;
				GCC_NO_COMMON_BLOCKS = YES;
				GCC_WARN_64_TO_32_BIT_CONVERSION = YES;
				GCC_WARN_ABOUT_RETURN_TYPE = YES_ERROR;
				GCC_WARN_UNDECLARED_SELECTOR = YES;
				GCC_WARN_UNINITIALIZED_AUTOS = YES_AGGRESSIVE;
				GCC_WARN_UNUSED_FUNCTION = YES;
				GCC_WARN_UNUSED_VARIABLE = YES;
				IPHONEOS_DEPLOYMENT_TARGET = 11.4;
				MTL_ENABLE_DEBUG_INFO = NO;
				SDKROOT = iphoneos;
				SWIFT_COMPILATION_MODE = wholemodule;
				SWIFT_OPTIMIZATION_LEVEL = "-O";
				VALIDATE_PRODUCT = YES;
			};
			name = Release;
		};
		8E182CD82152E720009E5F39 /* Debug */ = {
			isa = XCBuildConfiguration;
			buildSettings = {
				ASSETCATALOG_COMPILER_APPICON_NAME = AppIcon;
				CODE_SIGN_STYLE = Automatic;
				DEVELOPMENT_TEAM = W62H62SG9Z;
				INFOPLIST_FILE = ContactsApp/Info.plist;
				LD_RUNPATH_SEARCH_PATHS = (
					"$(inherited)",
					"@executable_path/Frameworks",
				);
				PRODUCT_BUNDLE_IDENTIFIER = com.neilsood.ContactsApp;
				PRODUCT_NAME = "$(TARGET_NAME)";
				SWIFT_VERSION = 4.0;
				TARGETED_DEVICE_FAMILY = "1,2";
			};
			name = Debug;
		};
		8E182CD92152E720009E5F39 /* Release */ = {
			isa = XCBuildConfiguration;
			buildSettings = {
				ASSETCATALOG_COMPILER_APPICON_NAME = AppIcon;
				CODE_SIGN_STYLE = Automatic;
				DEVELOPMENT_TEAM = W62H62SG9Z;
				INFOPLIST_FILE = ContactsApp/Info.plist;
				LD_RUNPATH_SEARCH_PATHS = (
					"$(inherited)",
					"@executable_path/Frameworks",
				);
				PRODUCT_BUNDLE_IDENTIFIER = com.neilsood.ContactsApp;
				PRODUCT_NAME = "$(TARGET_NAME)";
				SWIFT_VERSION = 4.0;
				TARGETED_DEVICE_FAMILY = "1,2";
			};
			name = Release;
		};
		8E182CDB2152E720009E5F39 /* Debug */ = {
			isa = XCBuildConfiguration;
			buildSettings = {
				ALWAYS_EMBED_SWIFT_STANDARD_LIBRARIES = YES;
				BUNDLE_LOADER = "$(TEST_HOST)";
				CODE_SIGN_STYLE = Automatic;
				DEVELOPMENT_TEAM = W62H62SG9Z;
				INFOPLIST_FILE = ContactsAppTests/Info.plist;
				LD_RUNPATH_SEARCH_PATHS = (
					"$(inherited)",
					"@executable_path/Frameworks",
					"@loader_path/Frameworks",
				);
				PRODUCT_BUNDLE_IDENTIFIER = com.neilsood.ContactsAppTests;
				PRODUCT_NAME = "$(TARGET_NAME)";
				SWIFT_VERSION = 4.0;
				TARGETED_DEVICE_FAMILY = "1,2";
				TEST_HOST = "$(BUILT_PRODUCTS_DIR)/ContactsApp.app/ContactsApp";
			};
			name = Debug;
		};
		8E182CDC2152E720009E5F39 /* Release */ = {
			isa = XCBuildConfiguration;
			buildSettings = {
				ALWAYS_EMBED_SWIFT_STANDARD_LIBRARIES = YES;
				BUNDLE_LOADER = "$(TEST_HOST)";
				CODE_SIGN_STYLE = Automatic;
				DEVELOPMENT_TEAM = W62H62SG9Z;
				INFOPLIST_FILE = ContactsAppTests/Info.plist;
				LD_RUNPATH_SEARCH_PATHS = (
					"$(inherited)",
					"@executable_path/Frameworks",
					"@loader_path/Frameworks",
				);
				PRODUCT_BUNDLE_IDENTIFIER = com.neilsood.ContactsAppTests;
				PRODUCT_NAME = "$(TARGET_NAME)";
				SWIFT_VERSION = 4.0;
				TARGETED_DEVICE_FAMILY = "1,2";
				TEST_HOST = "$(BUILT_PRODUCTS_DIR)/ContactsApp.app/ContactsApp";
			};
			name = Release;
		};
		8E182CDE2152E720009E5F39 /* Debug */ = {
			isa = XCBuildConfiguration;
			buildSettings = {
				ALWAYS_EMBED_SWIFT_STANDARD_LIBRARIES = YES;
				CODE_SIGN_STYLE = Automatic;
				DEVELOPMENT_TEAM = W62H62SG9Z;
				INFOPLIST_FILE = ContactsAppUITests/Info.plist;
				LD_RUNPATH_SEARCH_PATHS = (
					"$(inherited)",
					"@executable_path/Frameworks",
					"@loader_path/Frameworks",
				);
				PRODUCT_BUNDLE_IDENTIFIER = com.neilsood.ContactsAppUITests;
				PRODUCT_NAME = "$(TARGET_NAME)";
				SWIFT_VERSION = 4.0;
				TARGETED_DEVICE_FAMILY = "1,2";
				TEST_TARGET_NAME = ContactsApp;
			};
			name = Debug;
		};
		8E182CDF2152E720009E5F39 /* Release */ = {
			isa = XCBuildConfiguration;
			buildSettings = {
				ALWAYS_EMBED_SWIFT_STANDARD_LIBRARIES = YES;
				CODE_SIGN_STYLE = Automatic;
				DEVELOPMENT_TEAM = W62H62SG9Z;
				INFOPLIST_FILE = ContactsAppUITests/Info.plist;
				LD_RUNPATH_SEARCH_PATHS = (
					"$(inherited)",
					"@executable_path/Frameworks",
					"@loader_path/Frameworks",
				);
				PRODUCT_BUNDLE_IDENTIFIER = com.neilsood.ContactsAppUITests;
				PRODUCT_NAME = "$(TARGET_NAME)";
				SWIFT_VERSION = 4.0;
				TARGETED_DEVICE_FAMILY = "1,2";
				TEST_TARGET_NAME = ContactsApp;
			};
			name = Release;
		};
/* End XCBuildConfiguration section */

/* Begin XCConfigurationList section */
		8E182CA72152E71F009E5F39 /* Build configuration list for PBXProject "ContactsApp" */ = {
			isa = XCConfigurationList;
			buildConfigurations = (
				8E182CD52152E720009E5F39 /* Debug */,
				8E182CD62152E720009E5F39 /* Release */,
			);
			defaultConfigurationIsVisible = 0;
			defaultConfigurationName = Release;
		};
		8E182CD72152E720009E5F39 /* Build configuration list for PBXNativeTarget "ContactsApp" */ = {
			isa = XCConfigurationList;
			buildConfigurations = (
				8E182CD82152E720009E5F39 /* Debug */,
				8E182CD92152E720009E5F39 /* Release */,
			);
			defaultConfigurationIsVisible = 0;
			defaultConfigurationName = Release;
		};
		8E182CDA2152E720009E5F39 /* Build configuration list for PBXNativeTarget "ContactsAppTests" */ = {
			isa = XCConfigurationList;
			buildConfigurations = (
				8E182CDB2152E720009E5F39 /* Debug */,
				8E182CDC2152E720009E5F39 /* Release */,
			);
			defaultConfigurationIsVisible = 0;
			defaultConfigurationName = Release;
		};
		8E182CDD2152E720009E5F39 /* Build configuration list for PBXNativeTarget "ContactsAppUITests" */ = {
			isa = XCConfigurationList;
			buildConfigurations = (
				8E182CDE2152E720009E5F39 /* Debug */,
				8E182CDF2152E720009E5F39 /* Release */,
			);
			defaultConfigurationIsVisible = 0;
			defaultConfigurationName = Release;
		};
/* End XCConfigurationList section */

/* Begin XCVersionGroup section */
		8E182CB62152E71F009E5F39 /* ContactsApp.xcdatamodeld */ = {
			isa = XCVersionGroup;
			children = (
				8E182CB72152E71F009E5F39 /* ContactsApp.xcdatamodel */,
			);
			currentVersion = 8E182CB72152E71F009E5F39 /* ContactsApp.xcdatamodel */;
			path = ContactsApp.xcdatamodeld;
			sourceTree = "<group>";
			versionGroupType = wrapper.xcdatamodel;
		};
/* End XCVersionGroup section */
	};
	rootObject = 8E182CA42152E71F009E5F39 /* Project object */;
}
